
Microsoft Visual Studio Solution File, Format Version 12.00
# Visual Studio Version 16
VisualStudioVersion = 16.0.28418.106
MinimumVisualStudioVersion = 16.0.28418.106
Project("{2150E333-8FDC-42A3-9474-1A3956D46DE8}") = "src", "src", "{712F6813-A5CD-40D4-836F-F9667A3AE762}"
	ProjectSection(SolutionItems) = preProject
		Directory.Build.targets = Directory.Build.targets
		src\EFCore.ruleset = src\EFCore.ruleset
	EndProjectSection
EndProject
Project("{2150E333-8FDC-42A3-9474-1A3956D46DE8}") = "test", "test", "{02887729-B5B3-455D-B4E8-1483872A6666}"
EndProject
Project("{9A19103F-16F7-4668-BE54-9A1E7A4F7556}") = "EFCore", "src\EFCore\EFCore.csproj", "{73C3A822-F3A9-4AFC-A49F-2C97CE05D504}"
EndProject
Project("{9A19103F-16F7-4668-BE54-9A1E7A4F7556}") = "EFCore.Abstractions", "src\EFCore.Abstractions\EFCore.Abstractions.csproj", "{3448537C-08B3-4860-A128-3C0FD561C11C}"
EndProject
Project("{9A19103F-16F7-4668-BE54-9A1E7A4F7556}") = "EFCore.Analyzers", "src\EFCore.Analyzers\EFCore.Analyzers.csproj", "{11D34E4A-1E58-4C7D-BBF5-52388592CD9F}"
EndProject
Project("{9A19103F-16F7-4668-BE54-9A1E7A4F7556}") = "EFCore.Specification.Tests", "test\EFCore.Specification.Tests\EFCore.Specification.Tests.csproj", "{5AA1208E-855B-4077-9F2D-14D4BB21636F}"
EndProject
Project("{9A19103F-16F7-4668-BE54-9A1E7A4F7556}") = "EFCore.Proxies", "src\EFCore.Proxies\EFCore.Proxies.csproj", "{CA1670F6-3E85-4405-B815-4211394F4B0E}"
EndProject
Project("{9A19103F-16F7-4668-BE54-9A1E7A4F7556}") = "EFCore.Tests", "test\EFCore.Tests\EFCore.Tests.csproj", "{DA67497F-45F1-49B6-AB29-A3F6B5C1D709}"
EndProject
Project("{9A19103F-16F7-4668-BE54-9A1E7A4F7556}") = "EFCore.InMemory.FunctionalTests", "test\EFCore.InMemory.FunctionalTests\EFCore.InMemory.FunctionalTests.csproj", "{B2180D3A-ED78-46E8-83B7-ADF9746F53DA}"
EndProject
Project("{9A19103F-16F7-4668-BE54-9A1E7A4F7556}") = "EFCore.InMemory", "src\EFCore.InMemory\EFCore.InMemory.csproj", "{9BEC2C40-F694-42B5-BFA4-BEB7C0BC63CD}"
EndProject
Project("{9A19103F-16F7-4668-BE54-9A1E7A4F7556}") = "EFCore.Couchbase", "src\EFCore.Couchbase\EFCore.Couchbase.csproj", "{C65EFCF5-1B19-4B0C-9341-5DA02DAF2344}"
EndProject
Project("{9A19103F-16F7-4668-BE54-9A1E7A4F7556}") = "EFCore.Couchbase.Example", "src\EFCore.Couchbase.Example\EFCore.Couchbase.Example.csproj", "{6AD1AA37-C947-4830-9417-F336D427A6FB}"
EndProject
Project("{9A19103F-16F7-4668-BE54-9A1E7A4F7556}") = "EFCore.Couchbase.Tests", "test\EFCore.Couchbase.Tests\EFCore.Couchbase.Tests.csproj", "{D4DDA8CD-3462-4814-A942-7AFBEB9A3657}"
EndProject
Project("{9A19103F-16F7-4668-BE54-9A1E7A4F7556}") = "EFCore.Couchbase.FunctionalTests", "test\EFCore.Couchbase.FunctionalTests\EFCore.Couchbase.FunctionalTests.csproj", "{91F3E43F-8B15-48AC-B3F6-3F2C3F5B2588}"
EndProject
Global
	GlobalSection(SolutionConfigurationPlatforms) = preSolution
		Debug|Any CPU = Debug|Any CPU
		Release|Any CPU = Release|Any CPU
	EndGlobalSection
	GlobalSection(ProjectConfigurationPlatforms) = postSolution
		{73C3A822-F3A9-4AFC-A49F-2C97CE05D504}.Debug|Any CPU.ActiveCfg = Debug|Any CPU
		{73C3A822-F3A9-4AFC-A49F-2C97CE05D504}.Debug|Any CPU.Build.0 = Debug|Any CPU
		{73C3A822-F3A9-4AFC-A49F-2C97CE05D504}.Release|Any CPU.ActiveCfg = Release|Any CPU
		{73C3A822-F3A9-4AFC-A49F-2C97CE05D504}.Release|Any CPU.Build.0 = Release|Any CPU
		{3448537C-08B3-4860-A128-3C0FD561C11C}.Debug|Any CPU.ActiveCfg = Debug|Any CPU
		{3448537C-08B3-4860-A128-3C0FD561C11C}.Debug|Any CPU.Build.0 = Debug|Any CPU
		{3448537C-08B3-4860-A128-3C0FD561C11C}.Release|Any CPU.ActiveCfg = Release|Any CPU
		{3448537C-08B3-4860-A128-3C0FD561C11C}.Release|Any CPU.Build.0 = Release|Any CPU
		{11D34E4A-1E58-4C7D-BBF5-52388592CD9F}.Debug|Any CPU.ActiveCfg = Debug|Any CPU
		{11D34E4A-1E58-4C7D-BBF5-52388592CD9F}.Debug|Any CPU.Build.0 = Debug|Any CPU
		{11D34E4A-1E58-4C7D-BBF5-52388592CD9F}.Release|Any CPU.ActiveCfg = Release|Any CPU
		{11D34E4A-1E58-4C7D-BBF5-52388592CD9F}.Release|Any CPU.Build.0 = Release|Any CPU
		{5AA1208E-855B-4077-9F2D-14D4BB21636F}.Debug|Any CPU.ActiveCfg = Debug|Any CPU
		{5AA1208E-855B-4077-9F2D-14D4BB21636F}.Debug|Any CPU.Build.0 = Debug|Any CPU
		{5AA1208E-855B-4077-9F2D-14D4BB21636F}.Release|Any CPU.ActiveCfg = Release|Any CPU
		{5AA1208E-855B-4077-9F2D-14D4BB21636F}.Release|Any CPU.Build.0 = Release|Any CPU
		{CA1670F6-3E85-4405-B815-4211394F4B0E}.Debug|Any CPU.ActiveCfg = Debug|Any CPU
		{CA1670F6-3E85-4405-B815-4211394F4B0E}.Debug|Any CPU.Build.0 = Debug|Any CPU
		{CA1670F6-3E85-4405-B815-4211394F4B0E}.Release|Any CPU.ActiveCfg = Release|Any CPU
		{CA1670F6-3E85-4405-B815-4211394F4B0E}.Release|Any CPU.Build.0 = Release|Any CPU
		{DA67497F-45F1-49B6-AB29-A3F6B5C1D709}.Debug|Any CPU.ActiveCfg = Debug|Any CPU
		{DA67497F-45F1-49B6-AB29-A3F6B5C1D709}.Debug|Any CPU.Build.0 = Debug|Any CPU
		{DA67497F-45F1-49B6-AB29-A3F6B5C1D709}.Release|Any CPU.ActiveCfg = Release|Any CPU
		{DA67497F-45F1-49B6-AB29-A3F6B5C1D709}.Release|Any CPU.Build.0 = Release|Any CPU
		{B2180D3A-ED78-46E8-83B7-ADF9746F53DA}.Debug|Any CPU.ActiveCfg = Debug|Any CPU
		{B2180D3A-ED78-46E8-83B7-ADF9746F53DA}.Debug|Any CPU.Build.0 = Debug|Any CPU
		{B2180D3A-ED78-46E8-83B7-ADF9746F53DA}.Release|Any CPU.ActiveCfg = Release|Any CPU
		{B2180D3A-ED78-46E8-83B7-ADF9746F53DA}.Release|Any CPU.Build.0 = Release|Any CPU
		{9BEC2C40-F694-42B5-BFA4-BEB7C0BC63CD}.Debug|Any CPU.ActiveCfg = Debug|Any CPU
		{9BEC2C40-F694-42B5-BFA4-BEB7C0BC63CD}.Debug|Any CPU.Build.0 = Debug|Any CPU
		{9BEC2C40-F694-42B5-BFA4-BEB7C0BC63CD}.Release|Any CPU.ActiveCfg = Release|Any CPU
		{9BEC2C40-F694-42B5-BFA4-BEB7C0BC63CD}.Release|Any CPU.Build.0 = Release|Any CPU
		{C65EFCF5-1B19-4B0C-9341-5DA02DAF2344}.Debug|Any CPU.ActiveCfg = Debug|Any CPU
		{C65EFCF5-1B19-4B0C-9341-5DA02DAF2344}.Debug|Any CPU.Build.0 = Debug|Any CPU
		{C65EFCF5-1B19-4B0C-9341-5DA02DAF2344}.Release|Any CPU.ActiveCfg = Release|Any CPU
		{C65EFCF5-1B19-4B0C-9341-5DA02DAF2344}.Release|Any CPU.Build.0 = Release|Any CPU
		{6AD1AA37-C947-4830-9417-F336D427A6FB}.Debug|Any CPU.ActiveCfg = Debug|Any CPU
		{6AD1AA37-C947-4830-9417-F336D427A6FB}.Debug|Any CPU.Build.0 = Debug|Any CPU
		{6AD1AA37-C947-4830-9417-F336D427A6FB}.Release|Any CPU.ActiveCfg = Release|Any CPU
		{6AD1AA37-C947-4830-9417-F336D427A6FB}.Release|Any CPU.Build.0 = Release|Any CPU
		{D4DDA8CD-3462-4814-A942-7AFBEB9A3657}.Debug|Any CPU.ActiveCfg = Debug|Any CPU
		{D4DDA8CD-3462-4814-A942-7AFBEB9A3657}.Debug|Any CPU.Build.0 = Debug|Any CPU
		{D4DDA8CD-3462-4814-A942-7AFBEB9A3657}.Release|Any CPU.ActiveCfg = Release|Any CPU
		{D4DDA8CD-3462-4814-A942-7AFBEB9A3657}.Release|Any CPU.Build.0 = Release|Any CPU
		{91F3E43F-8B15-48AC-B3F6-3F2C3F5B2588}.Debug|Any CPU.ActiveCfg = Debug|Any CPU
		{91F3E43F-8B15-48AC-B3F6-3F2C3F5B2588}.Debug|Any CPU.Build.0 = Debug|Any CPU
		{91F3E43F-8B15-48AC-B3F6-3F2C3F5B2588}.Release|Any CPU.ActiveCfg = Release|Any CPU
		{91F3E43F-8B15-48AC-B3F6-3F2C3F5B2588}.Release|Any CPU.Build.0 = Release|Any CPU
	EndGlobalSection
	GlobalSection(SolutionProperties) = preSolution
		HideSolutionNode = FALSE
	EndGlobalSection
	GlobalSection(NestedProjects) = preSolution
		{73C3A822-F3A9-4AFC-A49F-2C97CE05D504} = {712F6813-A5CD-40D4-836F-F9667A3AE762}
		{3448537C-08B3-4860-A128-3C0FD561C11C} = {712F6813-A5CD-40D4-836F-F9667A3AE762}
		{11D34E4A-1E58-4C7D-BBF5-52388592CD9F} = {712F6813-A5CD-40D4-836F-F9667A3AE762}
		{5AA1208E-855B-4077-9F2D-14D4BB21636F} = {02887729-B5B3-455D-B4E8-1483872A6666}
		{CA1670F6-3E85-4405-B815-4211394F4B0E} = {712F6813-A5CD-40D4-836F-F9667A3AE762}
		{DA67497F-45F1-49B6-AB29-A3F6B5C1D709} = {02887729-B5B3-455D-B4E8-1483872A6666}
		{B2180D3A-ED78-46E8-83B7-ADF9746F53DA} = {02887729-B5B3-455D-B4E8-1483872A6666}
		{9BEC2C40-F694-42B5-BFA4-BEB7C0BC63CD} = {712F6813-A5CD-40D4-836F-F9667A3AE762}
		{C65EFCF5-1B19-4B0C-9341-5DA02DAF2344} = {712F6813-A5CD-40D4-836F-F9667A3AE762}
		{6AD1AA37-C947-4830-9417-F336D427A6FB} = {712F6813-A5CD-40D4-836F-F9667A3AE762}
		{D4DDA8CD-3462-4814-A942-7AFBEB9A3657} = {02887729-B5B3-455D-B4E8-1483872A6666}
		{91F3E43F-8B15-48AC-B3F6-3F2C3F5B2588} = {02887729-B5B3-455D-B4E8-1483872A6666}
	EndGlobalSection
	GlobalSection(ExtensibilityGlobals) = postSolution
		SolutionGuid = {C6093E2F-390D-4F97-8F1A-E5DF79153AA6}
	EndGlobalSection
EndGlobal
